
Microsoft Visual Studio Solution File, Format Version 12.00
# Visual Studio 15
VisualStudioVersion = 15.0.26228.4
MinimumVisualStudioVersion = 10.0.40219.1
Project("{FAE04EC0-301F-11D3-BF4B-00C04F79EFBC}") = "MaxCare", "MaxCare\MaxCare.csproj", "{EEF4BFD5-2665-46D2-BFD4-96FE524B9AD7}"
EndProject
Global
	GlobalSection(SolutionConfigurationPlatforms) = preSolution
		Debug|Any CPU = Debug|Any CPU
		Release|Any CPU = Release|Any CPU
	EndGlobalSection
	GlobalSection(ProjectConfigurationPlatforms) = postSolution
		{EEF4BFD5-2665-46D2-BFD4-96FE524B9AD7}.Debug|Any CPU.ActiveCfg = Debug|Any CPU
		{EEF4BFD5-2665-46D2-BFD4-96FE524B9AD7}.Debug|Any CPU.Build.0 = Debug|Any CPU
		{EEF4BFD5-2665-46D2-BFD4-96FE524B9AD7}.Release|Any CPU.ActiveCfg = Release|Any CPU
		{EEF4BFD5-2665-46D2-BFD4-96FE524B9AD7}.Release|Any CPU.Build.0 = Release|Any CPU
	EndGlobalSection
	GlobalSection(SolutionProperties) = preSolution
		HideSolutionNode = FALSE
	EndGlobalSection
EndGlobal
